<?xml version="1.0" encoding="UTF-8" standalone="yes" ?>
<CodeBlocks_project_file>
	<FileVersion major="1" minor="6" />
	<Project>
		<Option title="dynamicAC" />
		<Option pch_mode="2" />
		<Option compiler="gcc" />
		<Build>
			<Target title="Debug">
				<Option output="bin\Debug\dynamicAC" prefix_auto="1" extension_auto="1" />
				<Option object_output="obj\Debug\" />
				<Option type="1" />
				<Option compiler="gcc" />
				<Compiler>
					<Add option="-g" />
				</Compiler>
			</Target>
			<Target title="Release">
				<Option output="bin\Release\dynamicAC" prefix_auto="1" extension_auto="1" />
				<Option object_output="obj\Release\" />
				<Option type="1" />
				<Option compiler="gcc" />
				<Compiler>
					<Add option="-O2" />
				</Compiler>
				<Linker>
					<Add option="-s" />
				</Linker>
			</Target>
		</Build>
		<Compiler>
			<Add option="-Wall" />
			<Add option="-fexceptions" />
		</Compiler>
		<Unit filename="Headers\define.h" />
		<Unit filename="Headers\dynamicAC.h" />
		<Unit filename="Headers\dynamictool.h" />
		<Unit filename="Headers\matchthread.h" />
		<Unit filename="Headers\readfile.h" />
		<Unit filename="Headers\transform.h" />
		<Unit filename="dynamicAC.cpp" />
		<Unit filename="dynamictool.cpp" />
		<Unit filename="main.cpp" />
		<Unit filename="matchthread.cpp" />
		<Unit filename="readfile.cpp" />
		<Unit filename="transform.cpp" />
		<Extensions>
			<code_completion />
			<debugger />
		</Extensions>
	</Project>
</CodeBlocks_project_file>
